
Microsoft Visual Studio Solution File, Format Version 12.00
# Visual Studio Version 16
VisualStudioVersion = 16.0.29009.5
MinimumVisualStudioVersion = 10.0.40219.1
Project("{FAE04EC0-301F-11D3-BF4B-00C04F79EFBC}") = "Darth Matango", "Darth Matango\Darth Matango.csproj", "{C3B9A3AD-512D-401D-9580-755C43E1EC76}"
EndProject
Global
	GlobalSection(SolutionConfigurationPlatforms) = preSolution
		Debug|Any CPU = Debug|Any CPU
		Release|Any CPU = Release|Any CPU
	EndGlobalSection
	GlobalSection(ProjectConfigurationPlatforms) = postSolution
		{C3B9A3AD-512D-401D-9580-755C43E1EC76}.Debug|Any CPU.ActiveCfg = Debug|Any CPU
		{C3B9A3AD-512D-401D-9580-755C43E1EC76}.Debug|Any CPU.Build.0 = Debug|Any CPU
		{C3B9A3AD-512D-401D-9580-755C43E1EC76}.Release|Any CPU.ActiveCfg = Release|Any CPU
		{C3B9A3AD-512D-401D-9580-755C43E1EC76}.Release|Any CPU.Build.0 = Release|Any CPU
	EndGlobalSection
	GlobalSection(SolutionProperties) = preSolution
		HideSolutionNode = FALSE
	EndGlobalSection
	GlobalSection(ExtensibilityGlobals) = postSolution
		SolutionGuid = {E08D36B5-8533-4B21-BEB9-E8E110DD5A84}
	EndGlobalSection
EndGlobal
